
Microsoft Visual Studio Solution File, Format Version 12.00
# Visual Studio Version 16
VisualStudioVersion = 16.0.29613.14
MinimumVisualStudioVersion = 10.0.40219.1
Project("{9A19103F-16F7-4668-BE54-9A1E7A4F7556}") = "FUN4API", "FUN4API\FUN4API.csproj", "{61A5FCE7-2A3F-4061-B625-960CFC00702F}"
EndProject
Project("{9A19103F-16F7-4668-BE54-9A1E7A4F7556}") = "Interfaces", "Interfaces\Interfaces.csproj", "{3299F142-737B-444C-B963-3D1676ED6DEB}"
EndProject
Project("{FAE04EC0-301F-11D3-BF4B-00C04F79EFBC}") = "EFLibrary", "EFLibrary\EFLibrary.csproj", "{BA126000-D23D-4531-9C4D-D7864C9F0A32}"
EndProject
Global
	GlobalSection(SolutionConfigurationPlatforms) = preSolution
		Debug|Any CPU = Debug|Any CPU
		Release|Any CPU = Release|Any CPU
	EndGlobalSection
	GlobalSection(ProjectConfigurationPlatforms) = postSolution
		{61A5FCE7-2A3F-4061-B625-960CFC00702F}.Debug|Any CPU.ActiveCfg = Debug|Any CPU
		{61A5FCE7-2A3F-4061-B625-960CFC00702F}.Debug|Any CPU.Build.0 = Debug|Any CPU
		{61A5FCE7-2A3F-4061-B625-960CFC00702F}.Release|Any CPU.ActiveCfg = Release|Any CPU
		{61A5FCE7-2A3F-4061-B625-960CFC00702F}.Release|Any CPU.Build.0 = Release|Any CPU
		{3299F142-737B-444C-B963-3D1676ED6DEB}.Debug|Any CPU.ActiveCfg = Debug|Any CPU
		{3299F142-737B-444C-B963-3D1676ED6DEB}.Debug|Any CPU.Build.0 = Debug|Any CPU
		{3299F142-737B-444C-B963-3D1676ED6DEB}.Release|Any CPU.ActiveCfg = Release|Any CPU
		{3299F142-737B-444C-B963-3D1676ED6DEB}.Release|Any CPU.Build.0 = Release|Any CPU
		{BA126000-D23D-4531-9C4D-D7864C9F0A32}.Debug|Any CPU.ActiveCfg = Debug|Any CPU
		{BA126000-D23D-4531-9C4D-D7864C9F0A32}.Debug|Any CPU.Build.0 = Debug|Any CPU
		{BA126000-D23D-4531-9C4D-D7864C9F0A32}.Release|Any CPU.ActiveCfg = Release|Any CPU
		{BA126000-D23D-4531-9C4D-D7864C9F0A32}.Release|Any CPU.Build.0 = Release|Any CPU
	EndGlobalSection
	GlobalSection(SolutionProperties) = preSolution
		HideSolutionNode = FALSE
	EndGlobalSection
	GlobalSection(ExtensibilityGlobals) = postSolution
		SolutionGuid = {6191BF83-EFB6-4F32-8005-3651A85DC918}
	EndGlobalSection
EndGlobal
